
Microsoft Visual Studio Solution File, Format Version 12.00
# Visual Studio Version 17
VisualStudioVersion = 17.6.33815.320
MinimumVisualStudioVersion = 10.0.40219.1
Project("{9A19103F-16F7-4668-BE54-9A1E7A4F7556}") = "ExprParser", "Interpreter\ExprParser.csproj", "{F1ED0CDF-7E85-4067-986A-A9E57ED9BE63}"
EndProject
Project("{FAE04EC0-301F-11D3-BF4B-00C04F79EFBC}") = "ExprParser.Test", "Interpreter.Test\ExprParser.Test.csproj", "{3B6C89E9-BA91-4840-9BEC-D719043C05F0}"
EndProject
Project("{FAE04EC0-301F-11D3-BF4B-00C04F79EFBC}") = "ExprParser.Console", "ExprParser.Console\ExprParser.Console.csproj", "{469DF98A-FBCC-41DC-927E-F3CEF8AC7696}"
EndProject
Global
	GlobalSection(SolutionConfigurationPlatforms) = preSolution
		Debug|Any CPU = Debug|Any CPU
		Release|Any CPU = Release|Any CPU
	EndGlobalSection
	GlobalSection(ProjectConfigurationPlatforms) = postSolution
		{F1ED0CDF-7E85-4067-986A-A9E57ED9BE63}.Debug|Any CPU.ActiveCfg = Debug|Any CPU
		{F1ED0CDF-7E85-4067-986A-A9E57ED9BE63}.Debug|Any CPU.Build.0 = Debug|Any CPU
		{F1ED0CDF-7E85-4067-986A-A9E57ED9BE63}.Release|Any CPU.ActiveCfg = Release|Any CPU
		{F1ED0CDF-7E85-4067-986A-A9E57ED9BE63}.Release|Any CPU.Build.0 = Release|Any CPU
		{3B6C89E9-BA91-4840-9BEC-D719043C05F0}.Debug|Any CPU.ActiveCfg = Debug|Any CPU
		{3B6C89E9-BA91-4840-9BEC-D719043C05F0}.Debug|Any CPU.Build.0 = Debug|Any CPU
		{3B6C89E9-BA91-4840-9BEC-D719043C05F0}.Release|Any CPU.ActiveCfg = Release|Any CPU
		{3B6C89E9-BA91-4840-9BEC-D719043C05F0}.Release|Any CPU.Build.0 = Release|Any CPU
		{469DF98A-FBCC-41DC-927E-F3CEF8AC7696}.Debug|Any CPU.ActiveCfg = Debug|Any CPU
		{469DF98A-FBCC-41DC-927E-F3CEF8AC7696}.Debug|Any CPU.Build.0 = Debug|Any CPU
		{469DF98A-FBCC-41DC-927E-F3CEF8AC7696}.Release|Any CPU.ActiveCfg = Release|Any CPU
		{469DF98A-FBCC-41DC-927E-F3CEF8AC7696}.Release|Any CPU.Build.0 = Release|Any CPU
	EndGlobalSection
	GlobalSection(SolutionProperties) = preSolution
		HideSolutionNode = FALSE
	EndGlobalSection
	GlobalSection(ExtensibilityGlobals) = postSolution
		SolutionGuid = {A5AEBF27-3680-4F20-B3E8-5C1730B01FC0}
	EndGlobalSection
EndGlobal
